// !$*UTF8*$!
{
	archiveVersion = 1;
	classes = {
	};
	objectVersion = 56;
	objects = {

/* Begin PBXBuildFile section */
		FE0DC4EF2B408C1D00A6F8C5 /* AppDelegate.swift in Sources */ = {isa = PBXBuildFile; fileRef = FE0DC4EE2B408C1D00A6F8C5 /* AppDelegate.swift */; };
		FE0DC4F12B408C1D00A6F8C5 /* SceneDelegate.swift in Sources */ = {isa = PBXBuildFile; fileRef = FE0DC4F02B408C1D00A6F8C5 /* SceneDelegate.swift */; };
		FE0DC4F82B408C1E00A6F8C5 /* Assets.xcassets in Resources */ = {isa = PBXBuildFile; fileRef = FE0DC4F72B408C1E00A6F8C5 /* Assets.xcassets */; };
		FE0DC4FB2B408C1E00A6F8C5 /* LaunchScreen.storyboard in Resources */ = {isa = PBXBuildFile; fileRef = FE0DC4F92B408C1E00A6F8C5 /* LaunchScreen.storyboard */; };
		FE49093C2B440EF20000A117 /* UserInfoVC.swift in Sources */ = {isa = PBXBuildFile; fileRef = FE49093B2B440EF20000A117 /* UserInfoVC.swift */; };
		FE49093E2B441E1E0000A117 /* GFError.swift in Sources */ = {isa = PBXBuildFile; fileRef = FE49093D2B441E1E0000A117 /* GFError.swift */; };
		FE4909402B4421D10000A117 /* GFUserInfoHeaderVC.swift in Sources */ = {isa = PBXBuildFile; fileRef = FE49093F2B4421D10000A117 /* GFUserInfoHeaderVC.swift */; };
		FE4909462B4428330000A117 /* GFSecondaryTitleLabel.swift in Sources */ = {isa = PBXBuildFile; fileRef = FE4909452B4428330000A117 /* GFSecondaryTitleLabel.swift */; };
		FE4909482B442E670000A117 /* Constants.swift in Sources */ = {isa = PBXBuildFile; fileRef = FE4909472B442E670000A117 /* Constants.swift */; };
		FE4F523F2B41EB23001AAA97 /* FollowerCell.swift in Sources */ = {isa = PBXBuildFile; fileRef = FE4F523E2B41EB23001AAA97 /* FollowerCell.swift */; };
		FE4F52412B41EBA6001AAA97 /* GFAvatarImageView.swift in Sources */ = {isa = PBXBuildFile; fileRef = FE4F52402B41EBA6001AAA97 /* GFAvatarImageView.swift */; };
		FE7B1D992B41911E004AD525 /* FollowerListVC.swift in Sources */ = {isa = PBXBuildFile; fileRef = FE7B1D982B41911E004AD525 /* FollowerListVC.swift */; };
		FE7B1D9B2B4198DD004AD525 /* GFTitleLabel.swift in Sources */ = {isa = PBXBuildFile; fileRef = FE7B1D9A2B4198DD004AD525 /* GFTitleLabel.swift */; };
		FE7B1D9D2B419A51004AD525 /* GFBodyLabel.swift in Sources */ = {isa = PBXBuildFile; fileRef = FE7B1D9C2B419A51004AD525 /* GFBodyLabel.swift */; };
		FE7B1D9F2B419B24004AD525 /* GFAlertVC.swift in Sources */ = {isa = PBXBuildFile; fileRef = FE7B1D9E2B419B24004AD525 /* GFAlertVC.swift */; };
		FE7B1DA12B41A154004AD525 /* UIViewController + Extension.swift in Sources */ = {isa = PBXBuildFile; fileRef = FE7B1DA02B41A154004AD525 /* UIViewController + Extension.swift */; };
		FEC8BDB72B41C20700C85D48 /* GFContainerView.swift in Sources */ = {isa = PBXBuildFile; fileRef = FEC8BDB62B41C20700C85D48 /* GFContainerView.swift */; };
		FEC8BDBA2B41C40400C85D48 /* Follower.swift in Sources */ = {isa = PBXBuildFile; fileRef = FEC8BDB92B41C40400C85D48 /* Follower.swift */; };
		FEC8BDBC2B41C4CC00C85D48 /* User.swift in Sources */ = {isa = PBXBuildFile; fileRef = FEC8BDBB2B41C4CC00C85D48 /* User.swift */; };
		FEC8BDBF2B41C95900C85D48 /* NetworkManager.swift in Sources */ = {isa = PBXBuildFile; fileRef = FEC8BDBE2B41C95900C85D48 /* NetworkManager.swift */; };
		FEF52B8E2B416AEF00503A1D /* SearchVC.swift in Sources */ = {isa = PBXBuildFile; fileRef = FEF52B8D2B416AEF00503A1D /* SearchVC.swift */; };
		FEF52B902B416B1D00503A1D /* FavoritesListVC.swift in Sources */ = {isa = PBXBuildFile; fileRef = FEF52B8F2B416B1D00503A1D /* FavoritesListVC.swift */; };
		FEF52B922B41707C00503A1D /* GFButton.swift in Sources */ = {isa = PBXBuildFile; fileRef = FEF52B912B41707C00503A1D /* GFButton.swift */; };
		FEF52B942B41754F00503A1D /* GFTextField.swift in Sources */ = {isa = PBXBuildFile; fileRef = FEF52B932B41754F00503A1D /* GFTextField.swift */; };
		FEF81CB32B42C8F500F6B7EA /* UIHelper.swift in Sources */ = {isa = PBXBuildFile; fileRef = FEF81CB22B42C8F500F6B7EA /* UIHelper.swift */; };
		FEF81CB92B42E96F00F6B7EA /* GFEmptyStateView.swift in Sources */ = {isa = PBXBuildFile; fileRef = FEF81CB82B42E96F00F6B7EA /* GFEmptyStateView.swift */; };
/* End PBXBuildFile section */

/* Begin PBXFileReference section */
		FE0DC4EB2B408C1D00A6F8C5 /* GitHubFollowers.app */ = {isa = PBXFileReference; explicitFileType = wrapper.application; includeInIndex = 0; path = GitHubFollowers.app; sourceTree = BUILT_PRODUCTS_DIR; };
		FE0DC4EE2B408C1D00A6F8C5 /* AppDelegate.swift */ = {isa = PBXFileReference; lastKnownFileType = sourcecode.swift; path = AppDelegate.swift; sourceTree = "<group>"; };
		FE0DC4F02B408C1D00A6F8C5 /* SceneDelegate.swift */ = {isa = PBXFileReference; lastKnownFileType = sourcecode.swift; path = SceneDelegate.swift; sourceTree = "<group>"; };
		FE0DC4F72B408C1E00A6F8C5 /* Assets.xcassets */ = {isa = PBXFileReference; lastKnownFileType = folder.assetcatalog; path = Assets.xcassets; sourceTree = "<group>"; };
		FE0DC4FA2B408C1E00A6F8C5 /* Base */ = {isa = PBXFileReference; lastKnownFileType = file.storyboard; name = Base; path = Base.lproj/LaunchScreen.storyboard; sourceTree = "<group>"; };
		FE0DC4FC2B408C1E00A6F8C5 /* Info.plist */ = {isa = PBXFileReference; lastKnownFileType = text.plist.xml; path = Info.plist; sourceTree = "<group>"; };
		FE49093B2B440EF20000A117 /* UserInfoVC.swift */ = {isa = PBXFileReference; lastKnownFileType = sourcecode.swift; path = UserInfoVC.swift; sourceTree = "<group>"; };
		FE49093D2B441E1E0000A117 /* GFError.swift */ = {isa = PBXFileReference; lastKnownFileType = sourcecode.swift; path = GFError.swift; sourceTree = "<group>"; };
		FE49093F2B4421D10000A117 /* GFUserInfoHeaderVC.swift */ = {isa = PBXFileReference; lastKnownFileType = sourcecode.swift; path = GFUserInfoHeaderVC.swift; sourceTree = "<group>"; };
		FE4909452B4428330000A117 /* GFSecondaryTitleLabel.swift */ = {isa = PBXFileReference; lastKnownFileType = sourcecode.swift; path = GFSecondaryTitleLabel.swift; sourceTree = "<group>"; };
		FE4909472B442E670000A117 /* Constants.swift */ = {isa = PBXFileReference; lastKnownFileType = sourcecode.swift; path = Constants.swift; sourceTree = "<group>"; };
		FE4F523E2B41EB23001AAA97 /* FollowerCell.swift */ = {isa = PBXFileReference; lastKnownFileType = sourcecode.swift; path = FollowerCell.swift; sourceTree = "<group>"; };
		FE4F52402B41EBA6001AAA97 /* GFAvatarImageView.swift */ = {isa = PBXFileReference; lastKnownFileType = sourcecode.swift; path = GFAvatarImageView.swift; sourceTree = "<group>"; };
		FE7B1D982B41911E004AD525 /* FollowerListVC.swift */ = {isa = PBXFileReference; lastKnownFileType = sourcecode.swift; path = FollowerListVC.swift; sourceTree = "<group>"; };
		FE7B1D9A2B4198DD004AD525 /* GFTitleLabel.swift */ = {isa = PBXFileReference; lastKnownFileType = sourcecode.swift; path = GFTitleLabel.swift; sourceTree = "<group>"; };
		FE7B1D9C2B419A51004AD525 /* GFBodyLabel.swift */ = {isa = PBXFileReference; lastKnownFileType = sourcecode.swift; path = GFBodyLabel.swift; sourceTree = "<group>"; };
		FE7B1D9E2B419B24004AD525 /* GFAlertVC.swift */ = {isa = PBXFileReference; lastKnownFileType = sourcecode.swift; path = GFAlertVC.swift; sourceTree = "<group>"; };
		FE7B1DA02B41A154004AD525 /* UIViewController + Extension.swift */ = {isa = PBXFileReference; lastKnownFileType = sourcecode.swift; path = "UIViewController + Extension.swift"; sourceTree = "<group>"; };
		FEC8BDB62B41C20700C85D48 /* GFContainerView.swift */ = {isa = PBXFileReference; lastKnownFileType = sourcecode.swift; path = GFContainerView.swift; sourceTree = "<group>"; };
		FEC8BDB92B41C40400C85D48 /* Follower.swift */ = {isa = PBXFileReference; lastKnownFileType = sourcecode.swift; path = Follower.swift; sourceTree = "<group>"; };
		FEC8BDBB2B41C4CC00C85D48 /* User.swift */ = {isa = PBXFileReference; lastKnownFileType = sourcecode.swift; path = User.swift; sourceTree = "<group>"; };
		FEC8BDBE2B41C95900C85D48 /* NetworkManager.swift */ = {isa = PBXFileReference; lastKnownFileType = sourcecode.swift; path = NetworkManager.swift; sourceTree = "<group>"; };
		FEF52B8D2B416AEF00503A1D /* SearchVC.swift */ = {isa = PBXFileReference; lastKnownFileType = sourcecode.swift; path = SearchVC.swift; sourceTree = "<group>"; };
		FEF52B8F2B416B1D00503A1D /* FavoritesListVC.swift */ = {isa = PBXFileReference; lastKnownFileType = sourcecode.swift; path = FavoritesListVC.swift; sourceTree = "<group>"; };
		FEF52B912B41707C00503A1D /* GFButton.swift */ = {isa = PBXFileReference; lastKnownFileType = sourcecode.swift; path = GFButton.swift; sourceTree = "<group>"; };
		FEF52B932B41754F00503A1D /* GFTextField.swift */ = {isa = PBXFileReference; lastKnownFileType = sourcecode.swift; path = GFTextField.swift; sourceTree = "<group>"; };
		FEF81CB22B42C8F500F6B7EA /* UIHelper.swift */ = {isa = PBXFileReference; lastKnownFileType = sourcecode.swift; path = UIHelper.swift; sourceTree = "<group>"; };
		FEF81CB82B42E96F00F6B7EA /* GFEmptyStateView.swift */ = {isa = PBXFileReference; lastKnownFileType = sourcecode.swift; path = GFEmptyStateView.swift; sourceTree = "<group>"; };
/* End PBXFileReference section */

/* Begin PBXFrameworksBuildPhase section */
		FE0DC4E82B408C1D00A6F8C5 /* Frameworks */ = {
			isa = PBXFrameworksBuildPhase;
			buildActionMask = 2147483647;
			files = (
			);
			runOnlyForDeploymentPostprocessing = 0;
		};
/* End PBXFrameworksBuildPhase section */

/* Begin PBXGroup section */
		FE0DC4E22B408C1D00A6F8C5 = {
			isa = PBXGroup;
			children = (
				FE0DC4ED2B408C1D00A6F8C5 /* GitHubFollowers */,
				FE0DC4EC2B408C1D00A6F8C5 /* Products */,
			);
			sourceTree = "<group>";
		};
		FE0DC4EC2B408C1D00A6F8C5 /* Products */ = {
			isa = PBXGroup;
			children = (
				FE0DC4EB2B408C1D00A6F8C5 /* GitHubFollowers.app */,
			);
			name = Products;
			sourceTree = "<group>";
		};
		FE0DC4ED2B408C1D00A6F8C5 /* GitHubFollowers */ = {
			isa = PBXGroup;
			children = (
				FE7B1DA52B41A6E3004AD525 /* Application */,
				FE7B1DA22B41A61D004AD525 /* Screens */,
				FE7B1DA32B41A653004AD525 /* Custom Views */,
				FEC8BDB82B41C3F700C85D48 /* Model */,
				FEC8BDBD2B41C94100C85D48 /* Managers */,
				FE4F523A2B41D6B0001AAA97 /* Utilities */,
				FE7B1DA42B41A686004AD525 /* Extensions */,
				FE0DC4F72B408C1E00A6F8C5 /* Assets.xcassets */,
				FE0DC4F92B408C1E00A6F8C5 /* LaunchScreen.storyboard */,
				FE0DC4FC2B408C1E00A6F8C5 /* Info.plist */,
			);
			path = GitHubFollowers;
			sourceTree = "<group>";
		};
		FE4F523A2B41D6B0001AAA97 /* Utilities */ = {
			isa = PBXGroup;
			children = (
				FEF81CB22B42C8F500F6B7EA /* UIHelper.swift */,
				FE49093D2B441E1E0000A117 /* GFError.swift */,
				FE4909472B442E670000A117 /* Constants.swift */,
			);
			path = Utilities;
			sourceTree = "<group>";
		};
		FE4F523D2B41EB02001AAA97 /* Cells */ = {
			isa = PBXGroup;
			children = (
				FE4F523E2B41EB23001AAA97 /* FollowerCell.swift */,
			);
			path = Cells;
			sourceTree = "<group>";
		};
		FE7B1DA22B41A61D004AD525 /* Screens */ = {
			isa = PBXGroup;
			children = (
				FEF52B8D2B416AEF00503A1D /* SearchVC.swift */,
				FEF52B8F2B416B1D00503A1D /* FavoritesListVC.swift */,
				FE7B1D982B41911E004AD525 /* FollowerListVC.swift */,
				FE49093B2B440EF20000A117 /* UserInfoVC.swift */,
			);
			path = Screens;
			sourceTree = "<group>";
		};
		FE7B1DA32B41A653004AD525 /* Custom Views */ = {
			isa = PBXGroup;
			children = (
				FEF81CB72B42E91E00F6B7EA /* Views */,
				FEF81CB62B42E91600F6B7EA /* ViewControllers */,
				FEF81CB52B42E90F00F6B7EA /* TextFields */,
				FEF81CB42B42E90600F6B7EA /* Buttons */,
				FE4F523D2B41EB02001AAA97 /* Cells */,
				FE7B1DA62B41A8F7004AD525 /* Labels */,
			);
			path = "Custom Views";
			sourceTree = "<group>";
		};
		FE7B1DA42B41A686004AD525 /* Extensions */ = {
			isa = PBXGroup;
			children = (
				FE7B1DA02B41A154004AD525 /* UIViewController + Extension.swift */,
			);
			path = Extensions;
			sourceTree = "<group>";
		};
		FE7B1DA52B41A6E3004AD525 /* Application */ = {
			isa = PBXGroup;
			children = (
				FE0DC4EE2B408C1D00A6F8C5 /* AppDelegate.swift */,
				FE0DC4F02B408C1D00A6F8C5 /* SceneDelegate.swift */,
			);
			path = Application;
			sourceTree = "<group>";
		};
		FE7B1DA62B41A8F7004AD525 /* Labels */ = {
			isa = PBXGroup;
			children = (
				FE7B1D9A2B4198DD004AD525 /* GFTitleLabel.swift */,
				FE7B1D9C2B419A51004AD525 /* GFBodyLabel.swift */,
				FE4909452B4428330000A117 /* GFSecondaryTitleLabel.swift */,
			);
			path = Labels;
			sourceTree = "<group>";
		};
		FEC8BDB82B41C3F700C85D48 /* Model */ = {
			isa = PBXGroup;
			children = (
				FEC8BDB92B41C40400C85D48 /* Follower.swift */,
				FEC8BDBB2B41C4CC00C85D48 /* User.swift */,
			);
			path = Model;
			sourceTree = "<group>";
		};
		FEC8BDBD2B41C94100C85D48 /* Managers */ = {
			isa = PBXGroup;
			children = (
				FEC8BDBE2B41C95900C85D48 /* NetworkManager.swift */,
			);
			path = Managers;
			sourceTree = "<group>";
		};
		FEF81CB42B42E90600F6B7EA /* Buttons */ = {
			isa = PBXGroup;
			children = (
				FEF52B912B41707C00503A1D /* GFButton.swift */,
			);
			path = Buttons;
			sourceTree = "<group>";
		};
		FEF81CB52B42E90F00F6B7EA /* TextFields */ = {
			isa = PBXGroup;
			children = (
				FEF52B932B41754F00503A1D /* GFTextField.swift */,
			);
			path = TextFields;
			sourceTree = "<group>";
		};
		FEF81CB62B42E91600F6B7EA /* ViewControllers */ = {
			isa = PBXGroup;
			children = (
				FE7B1D9E2B419B24004AD525 /* GFAlertVC.swift */,
				FE49093F2B4421D10000A117 /* GFUserInfoHeaderVC.swift */,
			);
			path = ViewControllers;
			sourceTree = "<group>";
		};
		FEF81CB72B42E91E00F6B7EA /* Views */ = {
			isa = PBXGroup;
			children = (
				FEC8BDB62B41C20700C85D48 /* GFContainerView.swift */,
				FE4F52402B41EBA6001AAA97 /* GFAvatarImageView.swift */,
				FEF81CB82B42E96F00F6B7EA /* GFEmptyStateView.swift */,
			);
			path = Views;
			sourceTree = "<group>";
		};
/* End PBXGroup section */

/* Begin PBXNativeTarget section */
		FE0DC4EA2B408C1D00A6F8C5 /* GitHubFollowers */ = {
			isa = PBXNativeTarget;
			buildConfigurationList = FE0DC4FF2B408C1E00A6F8C5 /* Build configuration list for PBXNativeTarget "GitHubFollowers" */;
			buildPhases = (
				FE0DC4E72B408C1D00A6F8C5 /* Sources */,
				FE0DC4E82B408C1D00A6F8C5 /* Frameworks */,
				FE0DC4E92B408C1D00A6F8C5 /* Resources */,
			);
			buildRules = (
			);
			dependencies = (
			);
			name = GitHubFollowers;
			productName = GitHubFollowers;
			productReference = FE0DC4EB2B408C1D00A6F8C5 /* GitHubFollowers.app */;
			productType = "com.apple.product-type.application";
		};
/* End PBXNativeTarget section */

/* Begin PBXProject section */
		FE0DC4E32B408C1D00A6F8C5 /* Project object */ = {
			isa = PBXProject;
			attributes = {
				BuildIndependentTargetsInParallel = 1;
				LastSwiftUpdateCheck = 1510;
				LastUpgradeCheck = 1510;
				TargetAttributes = {
					FE0DC4EA2B408C1D00A6F8C5 = {
						CreatedOnToolsVersion = 15.1;
					};
				};
			};
			buildConfigurationList = FE0DC4E62B408C1D00A6F8C5 /* Build configuration list for PBXProject "GitHubFollowers" */;
			compatibilityVersion = "Xcode 14.0";
			developmentRegion = en;
			hasScannedForEncodings = 0;
			knownRegions = (
				en,
				Base,
			);
			mainGroup = FE0DC4E22B408C1D00A6F8C5;
			productRefGroup = FE0DC4EC2B408C1D00A6F8C5 /* Products */;
			projectDirPath = "";
			projectRoot = "";
			targets = (
				FE0DC4EA2B408C1D00A6F8C5 /* GitHubFollowers */,
			);
		};
/* End PBXProject section */

/* Begin PBXResourcesBuildPhase section */
		FE0DC4E92B408C1D00A6F8C5 /* Resources */ = {
			isa = PBXResourcesBuildPhase;
			buildActionMask = 2147483647;
			files = (
				FE0DC4FB2B408C1E00A6F8C5 /* LaunchScreen.storyboard in Resources */,
				FE0DC4F82B408C1E00A6F8C5 /* Assets.xcassets in Resources */,
			);
			runOnlyForDeploymentPostprocessing = 0;
		};
/* End PBXResourcesBuildPhase section */

/* Begin PBXSourcesBuildPhase section */
		FE0DC4E72B408C1D00A6F8C5 /* Sources */ = {
			isa = PBXSourcesBuildPhase;
			buildActionMask = 2147483647;
			files = (
				FE7B1DA12B41A154004AD525 /* UIViewController + Extension.swift in Sources */,
				FEF52B902B416B1D00503A1D /* FavoritesListVC.swift in Sources */,
				FEF52B8E2B416AEF00503A1D /* SearchVC.swift in Sources */,
				FE4909402B4421D10000A117 /* GFUserInfoHeaderVC.swift in Sources */,
				FEF52B942B41754F00503A1D /* GFTextField.swift in Sources */,
				FE0DC4EF2B408C1D00A6F8C5 /* AppDelegate.swift in Sources */,
				FEF81CB92B42E96F00F6B7EA /* GFEmptyStateView.swift in Sources */,
				FE7B1D9F2B419B24004AD525 /* GFAlertVC.swift in Sources */,
				FEC8BDBC2B41C4CC00C85D48 /* User.swift in Sources */,
				FE49093E2B441E1E0000A117 /* GFError.swift in Sources */,
				FE4F523F2B41EB23001AAA97 /* FollowerCell.swift in Sources */,
				FE4F52412B41EBA6001AAA97 /* GFAvatarImageView.swift in Sources */,
				FE4909462B4428330000A117 /* GFSecondaryTitleLabel.swift in Sources */,
				FE7B1D9D2B419A51004AD525 /* GFBodyLabel.swift in Sources */,
				FE49093C2B440EF20000A117 /* UserInfoVC.swift in Sources */,
				FEC8BDBA2B41C40400C85D48 /* Follower.swift in Sources */,
				FE7B1D9B2B4198DD004AD525 /* GFTitleLabel.swift in Sources */,
				FE7B1D992B41911E004AD525 /* FollowerListVC.swift in Sources */,
				FE0DC4F12B408C1D00A6F8C5 /* SceneDelegate.swift in Sources */,
				FEF81CB32B42C8F500F6B7EA /* UIHelper.swift in Sources */,
				FEF52B922B41707C00503A1D /* GFButton.swift in Sources */,
				FEC8BDBF2B41C95900C85D48 /* NetworkManager.swift in Sources */,
				FEC8BDB72B41C20700C85D48 /* GFContainerView.swift in Sources */,
				FE4909482B442E670000A117 /* Constants.swift in Sources */,
			);
			runOnlyForDeploymentPostprocessing = 0;
		};
/* End PBXSourcesBuildPhase section */

/* Begin PBXVariantGroup section */
		FE0DC4F92B408C1E00A6F8C5 /* LaunchScreen.storyboard */ = {
			isa = PBXVariantGroup;
			children = (
				FE0DC4FA2B408C1E00A6F8C5 /* Base */,
			);
			name = LaunchScreen.storyboard;
			sourceTree = "<group>";
		};
/* End PBXVariantGroup section */

/* Begin XCBuildConfiguration section */
		FE0DC4FD2B408C1E00A6F8C5 /* Debug */ = {
			isa = XCBuildConfiguration;
			buildSettings = {
				ALWAYS_SEARCH_USER_PATHS = NO;
				ASSETCATALOG_COMPILER_GENERATE_SWIFT_ASSET_SYMBOL_EXTENSIONS = YES;
				CLANG_ANALYZER_NONNULL = YES;
				CLANG_ANALYZER_NUMBER_OBJECT_CONVERSION = YES_AGGRESSIVE;
				CLANG_CXX_LANGUAGE_STANDARD = "gnu++20";
				CLANG_ENABLE_MODULES = YES;
				CLANG_ENABLE_OBJC_ARC = YES;
				CLANG_ENABLE_OBJC_WEAK = YES;
				CLANG_WARN_BLOCK_CAPTURE_AUTORELEASING = YES;
				CLANG_WARN_BOOL_CONVERSION = YES;
				CLANG_WARN_COMMA = YES;
				CLANG_WARN_CONSTANT_CONVERSION = YES;
				CLANG_WARN_DEPRECATED_OBJC_IMPLEMENTATIONS = YES;
				CLANG_WARN_DIRECT_OBJC_ISA_USAGE = YES_ERROR;
				CLANG_WARN_DOCUMENTATION_COMMENTS = YES;
				CLANG_WARN_EMPTY_BODY = YES;
				CLANG_WARN_ENUM_CONVERSION = YES;
				CLANG_WARN_INFINITE_RECURSION = YES;
				CLANG_WARN_INT_CONVERSION = YES;
				CLANG_WARN_NON_LITERAL_NULL_CONVERSION = YES;
				CLANG_WARN_OBJC_IMPLICIT_RETAIN_SELF = YES;
				CLANG_WARN_OBJC_LITERAL_CONVERSION = YES;
				CLANG_WARN_OBJC_ROOT_CLASS = YES_ERROR;
				CLANG_WARN_QUOTED_INCLUDE_IN_FRAMEWORK_HEADER = YES;
				CLANG_WARN_RANGE_LOOP_ANALYSIS = YES;
				CLANG_WARN_STRICT_PROTOTYPES = YES;
				CLANG_WARN_SUSPICIOUS_MOVE = YES;
				CLANG_WARN_UNGUARDED_AVAILABILITY = YES_AGGRESSIVE;
				CLANG_WARN_UNREACHABLE_CODE = YES;
				CLANG_WARN__DUPLICATE_METHOD_MATCH = YES;
				COPY_PHASE_STRIP = NO;
				DEBUG_INFORMATION_FORMAT = dwarf;
				ENABLE_STRICT_OBJC_MSGSEND = YES;
				ENABLE_TESTABILITY = YES;
				ENABLE_USER_SCRIPT_SANDBOXING = YES;
				GCC_C_LANGUAGE_STANDARD = gnu17;
				GCC_DYNAMIC_NO_PIC = NO;
				GCC_NO_COMMON_BLOCKS = YES;
				GCC_OPTIMIZATION_LEVEL = 0;
				GCC_PREPROCESSOR_DEFINITIONS = (
					"DEBUG=1",
					"$(inherited)",
				);
				GCC_WARN_64_TO_32_BIT_CONVERSION = YES;
				GCC_WARN_ABOUT_RETURN_TYPE = YES_ERROR;
				GCC_WARN_UNDECLARED_SELECTOR = YES;
				GCC_WARN_UNINITIALIZED_AUTOS = YES_AGGRESSIVE;
				GCC_WARN_UNUSED_FUNCTION = YES;
				GCC_WARN_UNUSED_VARIABLE = YES;
				IPHONEOS_DEPLOYMENT_TARGET = 17.2;
				LOCALIZATION_PREFERS_STRING_CATALOGS = YES;
				MTL_ENABLE_DEBUG_INFO = INCLUDE_SOURCE;
				MTL_FAST_MATH = YES;
				ONLY_ACTIVE_ARCH = YES;
				SDKROOT = iphoneos;
				SWIFT_ACTIVE_COMPILATION_CONDITIONS = "DEBUG $(inherited)";
				SWIFT_OPTIMIZATION_LEVEL = "-Onone";
			};
			name = Debug;
		};
		FE0DC4FE2B408C1E00A6F8C5 /* Release */ = {
			isa = XCBuildConfiguration;
			buildSettings = {
				ALWAYS_SEARCH_USER_PATHS = NO;
				ASSETCATALOG_COMPILER_GENERATE_SWIFT_ASSET_SYMBOL_EXTENSIONS = YES;
				CLANG_ANALYZER_NONNULL = YES;
				CLANG_ANALYZER_NUMBER_OBJECT_CONVERSION = YES_AGGRESSIVE;
				CLANG_CXX_LANGUAGE_STANDARD = "gnu++20";
				CLANG_ENABLE_MODULES = YES;
				CLANG_ENABLE_OBJC_ARC = YES;
				CLANG_ENABLE_OBJC_WEAK = YES;
				CLANG_WARN_BLOCK_CAPTURE_AUTORELEASING = YES;
				CLANG_WARN_BOOL_CONVERSION = YES;
				CLANG_WARN_COMMA = YES;
				CLANG_WARN_CONSTANT_CONVERSION = YES;
				CLANG_WARN_DEPRECATED_OBJC_IMPLEMENTATIONS = YES;
				CLANG_WARN_DIRECT_OBJC_ISA_USAGE = YES_ERROR;
				CLANG_WARN_DOCUMENTATION_COMMENTS = YES;
				CLANG_WARN_EMPTY_BODY = YES;
				CLANG_WARN_ENUM_CONVERSION = YES;
				CLANG_WARN_INFINITE_RECURSION = YES;
				CLANG_WARN_INT_CONVERSION = YES;
				CLANG_WARN_NON_LITERAL_NULL_CONVERSION = YES;
				CLANG_WARN_OBJC_IMPLICIT_RETAIN_SELF = YES;
				CLANG_WARN_OBJC_LITERAL_CONVERSION = YES;
				CLANG_WARN_OBJC_ROOT_CLASS = YES_ERROR;
				CLANG_WARN_QUOTED_INCLUDE_IN_FRAMEWORK_HEADER = YES;
				CLANG_WARN_RANGE_LOOP_ANALYSIS = YES;
				CLANG_WARN_STRICT_PROTOTYPES = YES;
				CLANG_WARN_SUSPICIOUS_MOVE = YES;
				CLANG_WARN_UNGUARDED_AVAILABILITY = YES_AGGRESSIVE;
				CLANG_WARN_UNREACHABLE_CODE = YES;
				CLANG_WARN__DUPLICATE_METHOD_MATCH = YES;
				COPY_PHASE_STRIP = NO;
				DEBUG_INFORMATION_FORMAT = "dwarf-with-dsym";
				ENABLE_NS_ASSERTIONS = NO;
				ENABLE_STRICT_OBJC_MSGSEND = YES;
				ENABLE_USER_SCRIPT_SANDBOXING = YES;
				GCC_C_LANGUAGE_STANDARD = gnu17;
				GCC_NO_COMMON_BLOCKS = YES;
				GCC_WARN_64_TO_32_BIT_CONVERSION = YES;
				GCC_WARN_ABOUT_RETURN_TYPE = YES_ERROR;
				GCC_WARN_UNDECLARED_SELECTOR = YES;
				GCC_WARN_UNINITIALIZED_AUTOS = YES_AGGRESSIVE;
				GCC_WARN_UNUSED_FUNCTION = YES;
				GCC_WARN_UNUSED_VARIABLE = YES;
				IPHONEOS_DEPLOYMENT_TARGET = 17.2;
				LOCALIZATION_PREFERS_STRING_CATALOGS = YES;
				MTL_ENABLE_DEBUG_INFO = NO;
				MTL_FAST_MATH = YES;
				SDKROOT = iphoneos;
				SWIFT_COMPILATION_MODE = wholemodule;
				VALIDATE_PRODUCT = YES;
			};
			name = Release;
		};
		FE0DC5002B408C1E00A6F8C5 /* Debug */ = {
			isa = XCBuildConfiguration;
			buildSettings = {
				ASSETCATALOG_COMPILER_APPICON_NAME = AppIcon;
				ASSETCATALOG_COMPILER_GLOBAL_ACCENT_COLOR_NAME = AccentColor;
				CODE_SIGN_STYLE = Automatic;
				CURRENT_PROJECT_VERSION = 1;
				DEVELOPMENT_TEAM = 767DT3Q3RN;
				GENERATE_INFOPLIST_FILE = YES;
				INFOPLIST_FILE = GitHubFollowers/Info.plist;
				INFOPLIST_KEY_UIApplicationSupportsIndirectInputEvents = YES;
				INFOPLIST_KEY_UILaunchStoryboardName = LaunchScreen;
				INFOPLIST_KEY_UISupportedInterfaceOrientations = UIInterfaceOrientationPortrait;
				INFOPLIST_KEY_UISupportedInterfaceOrientations_iPad = "UIInterfaceOrientationPortrait UIInterfaceOrientationPortraitUpsideDown";
				IPHONEOS_DEPLOYMENT_TARGET = 13.0;
				LD_RUNPATH_SEARCH_PATHS = (
					"$(inherited)",
					"@executable_path/Frameworks",
				);
				MARKETING_VERSION = 1.0;
				PRODUCT_BUNDLE_IDENTIFIER = com.postnikova.GitHubFollowers;
				PRODUCT_NAME = "$(TARGET_NAME)";
				SUPPORTED_PLATFORMS = "iphoneos iphonesimulator";
				SUPPORTS_MACCATALYST = NO;
				SUPPORTS_MAC_DESIGNED_FOR_IPHONE_IPAD = NO;
				SWIFT_EMIT_LOC_STRINGS = YES;
				SWIFT_VERSION = 5.0;
				TARGETED_DEVICE_FAMILY = 1;
			};
			name = Debug;
		};
		FE0DC5012B408C1E00A6F8C5 /* Release */ = {
			isa = XCBuildConfiguration;
			buildSettings = {
				ASSETCATALOG_COMPILER_APPICON_NAME = AppIcon;
				ASSETCATALOG_COMPILER_GLOBAL_ACCENT_COLOR_NAME = AccentColor;
				CODE_SIGN_STYLE = Automatic;
				CURRENT_PROJECT_VERSION = 1;
				DEVELOPMENT_TEAM = 767DT3Q3RN;
				GENERATE_INFOPLIST_FILE = YES;
				INFOPLIST_FILE = GitHubFollowers/Info.plist;
				INFOPLIST_KEY_UIApplicationSupportsIndirectInputEvents = YES;
				INFOPLIST_KEY_UILaunchStoryboardName = LaunchScreen;
				INFOPLIST_KEY_UISupportedInterfaceOrientations = UIInterfaceOrientationPortrait;
				INFOPLIST_KEY_UISupportedInterfaceOrientations_iPad = "UIInterfaceOrientationPortrait UIInterfaceOrientationPortraitUpsideDown";
				IPHONEOS_DEPLOYMENT_TARGET = 13.0;
				LD_RUNPATH_SEARCH_PATHS = (
					"$(inherited)",
					"@executable_path/Frameworks",
				);
				MARKETING_VERSION = 1.0;
				PRODUCT_BUNDLE_IDENTIFIER = com.postnikova.GitHubFollowers;
				PRODUCT_NAME = "$(TARGET_NAME)";
				SUPPORTED_PLATFORMS = "iphoneos iphonesimulator";
				SUPPORTS_MACCATALYST = NO;
				SUPPORTS_MAC_DESIGNED_FOR_IPHONE_IPAD = NO;
				SWIFT_EMIT_LOC_STRINGS = YES;
				SWIFT_VERSION = 5.0;
				TARGETED_DEVICE_FAMILY = 1;
			};
			name = Release;
		};
/* End XCBuildConfiguration section */

/* Begin XCConfigurationList section */
		FE0DC4E62B408C1D00A6F8C5 /* Build configuration list for PBXProject "GitHubFollowers" */ = {
			isa = XCConfigurationList;
			buildConfigurations = (
				FE0DC4FD2B408C1E00A6F8C5 /* Debug */,
				FE0DC4FE2B408C1E00A6F8C5 /* Release */,
			);
			defaultConfigurationIsVisible = 0;
			defaultConfigurationName = Release;
		};
		FE0DC4FF2B408C1E00A6F8C5 /* Build configuration list for PBXNativeTarget "GitHubFollowers" */ = {
			isa = XCConfigurationList;
			buildConfigurations = (
				FE0DC5002B408C1E00A6F8C5 /* Debug */,
				FE0DC5012B408C1E00A6F8C5 /* Release */,
			);
			defaultConfigurationIsVisible = 0;
			defaultConfigurationName = Release;
		};
/* End XCConfigurationList section */
	};
	rootObject = FE0DC4E32B408C1D00A6F8C5 /* Project object */;
}
